
Microsoft Visual Studio Solution File, Format Version 12.00
# Visual Studio Version 17
VisualStudioVersion = 17.3.32901.215
MinimumVisualStudioVersion = 10.0.40219.1
Project("{FAE04EC0-301F-11D3-BF4B-00C04F79EFBC}") = "Starter Task 5 - Spheres", "Starter Task 5 - Spheres\Starter Task 5 - Spheres.csproj", "{86C13448-0278-4A68-9DF7-1A2E21FCFCB4}"
EndProject
Global
	GlobalSection(SolutionConfigurationPlatforms) = preSolution
		Debug|Any CPU = Debug|Any CPU
		Release|Any CPU = Release|Any CPU
	EndGlobalSection
	GlobalSection(ProjectConfigurationPlatforms) = postSolution
		{86C13448-0278-4A68-9DF7-1A2E21FCFCB4}.Debug|Any CPU.ActiveCfg = Debug|Any CPU
		{86C13448-0278-4A68-9DF7-1A2E21FCFCB4}.Debug|Any CPU.Build.0 = Debug|Any CPU
		{86C13448-0278-4A68-9DF7-1A2E21FCFCB4}.Release|Any CPU.ActiveCfg = Release|Any CPU
		{86C13448-0278-4A68-9DF7-1A2E21FCFCB4}.Release|Any CPU.Build.0 = Release|Any CPU
	EndGlobalSection
	GlobalSection(SolutionProperties) = preSolution
		HideSolutionNode = FALSE
	EndGlobalSection
	GlobalSection(ExtensibilityGlobals) = postSolution
		SolutionGuid = {22E8BFBC-3ED2-4E97-BFE3-23237DA47CED}
	EndGlobalSection
EndGlobal
