
Microsoft Visual Studio Solution File, Format Version 12.00
# Visual Studio Version 17
VisualStudioVersion = 17.3.32901.215
MinimumVisualStudioVersion = 10.0.40219.1
Project("{FAE04EC0-301F-11D3-BF4B-00C04F79EFBC}") = "Input, Output, Integers", "Input, Output, Integers\Input, Output, Integers.csproj", "{0AD76457-01F1-414F-BC55-ED5676BEE5A5}"
EndProject
Global
	GlobalSection(SolutionConfigurationPlatforms) = preSolution
		Debug|Any CPU = Debug|Any CPU
		Release|Any CPU = Release|Any CPU
	EndGlobalSection
	GlobalSection(ProjectConfigurationPlatforms) = postSolution
		{0AD76457-01F1-414F-BC55-ED5676BEE5A5}.Debug|Any CPU.ActiveCfg = Debug|Any CPU
		{0AD76457-01F1-414F-BC55-ED5676BEE5A5}.Debug|Any CPU.Build.0 = Debug|Any CPU
		{0AD76457-01F1-414F-BC55-ED5676BEE5A5}.Release|Any CPU.ActiveCfg = Release|Any CPU
		{0AD76457-01F1-414F-BC55-ED5676BEE5A5}.Release|Any CPU.Build.0 = Release|Any CPU
	EndGlobalSection
	GlobalSection(SolutionProperties) = preSolution
		HideSolutionNode = FALSE
	EndGlobalSection
	GlobalSection(ExtensibilityGlobals) = postSolution
		SolutionGuid = {0D2E11F9-56D5-417E-8E45-39F95799B4F1}
	EndGlobalSection
EndGlobal
