
Microsoft Visual Studio Solution File, Format Version 12.00
# Visual Studio Version 17
VisualStudioVersion = 17.3.32901.215
MinimumVisualStudioVersion = 10.0.40219.1
Project("{FAE04EC0-301F-11D3-BF4B-00C04F79EFBC}") = "Add 2 numbers", "Add 2 numbers\Add 2 numbers.csproj", "{FD6784D1-848B-432F-874D-598286C96BAB}"
EndProject
Global
	GlobalSection(SolutionConfigurationPlatforms) = preSolution
		Debug|Any CPU = Debug|Any CPU
		Release|Any CPU = Release|Any CPU
	EndGlobalSection
	GlobalSection(ProjectConfigurationPlatforms) = postSolution
		{FD6784D1-848B-432F-874D-598286C96BAB}.Debug|Any CPU.ActiveCfg = Debug|Any CPU
		{FD6784D1-848B-432F-874D-598286C96BAB}.Debug|Any CPU.Build.0 = Debug|Any CPU
		{FD6784D1-848B-432F-874D-598286C96BAB}.Release|Any CPU.ActiveCfg = Release|Any CPU
		{FD6784D1-848B-432F-874D-598286C96BAB}.Release|Any CPU.Build.0 = Release|Any CPU
	EndGlobalSection
	GlobalSection(SolutionProperties) = preSolution
		HideSolutionNode = FALSE
	EndGlobalSection
	GlobalSection(ExtensibilityGlobals) = postSolution
		SolutionGuid = {52692762-E9B5-4E3A-83D4-4E4498736A50}
	EndGlobalSection
EndGlobal
